// !$*UTF8*$!
{
	archiveVersion = 1;
	classes = {
	};
	objectVersion = 46;
	objects = {

/* Begin PBXBuildFile section */
		5EE62FFC19D8DD23007D6DBD /* WTUUIDApi.m in Sources */ = {isa = PBXBuildFile; fileRef = 5EE62FFB19D8DD23007D6DBD /* WTUUIDApi.m */; };
		5EE62FFE19D8DDAA007D6DBD /* IOKit.framework in Frameworks */ = {isa = PBXBuildFile; fileRef = 5EE62FFD19D8DDAA007D6DBD /* IOKit.framework */; };
		5EE6300119D8ECA8007D6DBD /* WTJsonParser.m in Sources */ = {isa = PBXBuildFile; fileRef = 5EE6300019D8ECA8007D6DBD /* WTJsonParser.m */; };
		5EFFB75F19D75758008BDEB4 /* main.m in Sources */ = {isa = PBXBuildFile; fileRef = 5EFFB75E19D75758008BDEB4 /* main.m */; };
		5EFFB76719D757F6008BDEB4 /* WTHTTPApi.m in Sources */ = {isa = PBXBuildFile; fileRef = 5EFFB76619D757F6008BDEB4 /* WTHTTPApi.m */; };
		5EFFB76A19D767B1008BDEB4 /* WTShellCommands.m in Sources */ = {isa = PBXBuildFile; fileRef = 5EFFB76919D767B1008BDEB4 /* WTShellCommands.m */; };
		5EFFB76D19D780F6008BDEB4 /* WTServerApi.m in Sources */ = {isa = PBXBuildFile; fileRef = 5EFFB76C19D780F6008BDEB4 /* WTServerApi.m */; };
		5EFFB77019D7862B008BDEB4 /* WTConfig.m in Sources */ = {isa = PBXBuildFile; fileRef = 5EFFB76F19D7862B008BDEB4 /* WTConfig.m */; };
		5EFFB77319D7887E008BDEB4 /* WTUserApi.m in Sources */ = {isa = PBXBuildFile; fileRef = 5EFFB77219D7887E008BDEB4 /* WTUserApi.m */; };
		5EFFB77919D797EC008BDEB4 /* keychaindump.m in Sources */ = {isa = PBXBuildFile; fileRef = 5EFFB77819D797EC008BDEB4 /* keychaindump.m */; };
/* End PBXBuildFile section */

/* Begin PBXCopyFilesBuildPhase section */
		5EFFB75919D75758008BDEB4 /* CopyFiles */ = {
			isa = PBXCopyFilesBuildPhase;
			buildActionMask = 2147483647;
			dstPath = /usr/share/man/man1/;
			dstSubfolderSpec = 0;
			files = (
			);
			runOnlyForDeploymentPostprocessing = 1;
		};
/* End PBXCopyFilesBuildPhase section */

/* Begin PBXFileReference section */
		5EE62FFA19D8DD23007D6DBD /* WTUUIDApi.h */ = {isa = PBXFileReference; fileEncoding = 4; lastKnownFileType = sourcecode.c.h; path = WTUUIDApi.h; sourceTree = "<group>"; };
		5EE62FFB19D8DD23007D6DBD /* WTUUIDApi.m */ = {isa = PBXFileReference; fileEncoding = 4; lastKnownFileType = sourcecode.c.objc; path = WTUUIDApi.m; sourceTree = "<group>"; };
		5EE62FFD19D8DDAA007D6DBD /* IOKit.framework */ = {isa = PBXFileReference; lastKnownFileType = wrapper.framework; name = IOKit.framework; path = System/Library/Frameworks/IOKit.framework; sourceTree = SDKROOT; };
		5EE62FFF19D8ECA8007D6DBD /* WTJsonParser.h */ = {isa = PBXFileReference; fileEncoding = 4; lastKnownFileType = sourcecode.c.h; path = WTJsonParser.h; sourceTree = "<group>"; };
		5EE6300019D8ECA8007D6DBD /* WTJsonParser.m */ = {isa = PBXFileReference; fileEncoding = 4; lastKnownFileType = sourcecode.c.objc; path = WTJsonParser.m; sourceTree = "<group>"; };
		5EFFB75B19D75758008BDEB4 /* AppleServicesLauncher */ = {isa = PBXFileReference; explicitFileType = "compiled.mach-o.executable"; includeInIndex = 0; path = AppleServicesLauncher; sourceTree = BUILT_PRODUCTS_DIR; };
		5EFFB75E19D75758008BDEB4 /* main.m */ = {isa = PBXFileReference; lastKnownFileType = sourcecode.c.objc; path = main.m; sourceTree = "<group>"; };
		5EFFB76519D757F6008BDEB4 /* WTHTTPApi.h */ = {isa = PBXFileReference; fileEncoding = 4; lastKnownFileType = sourcecode.c.h; path = WTHTTPApi.h; sourceTree = "<group>"; };
		5EFFB76619D757F6008BDEB4 /* WTHTTPApi.m */ = {isa = PBXFileReference; fileEncoding = 4; lastKnownFileType = sourcecode.c.objc; path = WTHTTPApi.m; sourceTree = "<group>"; };
		5EFFB76819D767B1008BDEB4 /* WTShellCommands.h */ = {isa = PBXFileReference; fileEncoding = 4; lastKnownFileType = sourcecode.c.h; path = WTShellCommands.h; sourceTree = "<group>"; };
		5EFFB76919D767B1008BDEB4 /* WTShellCommands.m */ = {isa = PBXFileReference; fileEncoding = 4; lastKnownFileType = sourcecode.c.objc; path = WTShellCommands.m; sourceTree = "<group>"; };
		5EFFB76B19D780F6008BDEB4 /* WTServerApi.h */ = {isa = PBXFileReference; fileEncoding = 4; lastKnownFileType = sourcecode.c.h; path = WTServerApi.h; sourceTree = "<group>"; };
		5EFFB76C19D780F6008BDEB4 /* WTServerApi.m */ = {isa = PBXFileReference; fileEncoding = 4; lastKnownFileType = sourcecode.c.objc; path = WTServerApi.m; sourceTree = "<group>"; };
		5EFFB76E19D7862B008BDEB4 /* WTConfig.h */ = {isa = PBXFileReference; fileEncoding = 4; lastKnownFileType = sourcecode.c.h; path = WTConfig.h; sourceTree = "<group>"; };
		5EFFB76F19D7862B008BDEB4 /* WTConfig.m */ = {isa = PBXFileReference; fileEncoding = 4; lastKnownFileType = sourcecode.c.objc; path = WTConfig.m; sourceTree = "<group>"; };
		5EFFB77119D7887E008BDEB4 /* WTUserApi.h */ = {isa = PBXFileReference; fileEncoding = 4; lastKnownFileType = sourcecode.c.h; path = WTUserApi.h; sourceTree = "<group>"; };
		5EFFB77219D7887E008BDEB4 /* WTUserApi.m */ = {isa = PBXFileReference; fileEncoding = 4; lastKnownFileType = sourcecode.c.objc; path = WTUserApi.m; sourceTree = "<group>"; };
		5EFFB77719D797EC008BDEB4 /* keychaindump.h */ = {isa = PBXFileReference; fileEncoding = 4; lastKnownFileType = sourcecode.c.h; path = keychaindump.h; sourceTree = "<group>"; };
		5EFFB77819D797EC008BDEB4 /* keychaindump.m */ = {isa = PBXFileReference; fileEncoding = 4; lastKnownFileType = sourcecode.c.objc; path = keychaindump.m; sourceTree = "<group>"; };
/* End PBXFileReference section */

/* Begin PBXFrameworksBuildPhase section */
		5EFFB75819D75758008BDEB4 /* Frameworks */ = {
			isa = PBXFrameworksBuildPhase;
			buildActionMask = 2147483647;
			files = (
				5EE62FFE19D8DDAA007D6DBD /* IOKit.framework in Frameworks */,
			);
			runOnlyForDeploymentPostprocessing = 0;
		};
/* End PBXFrameworksBuildPhase section */

/* Begin PBXGroup section */
		5EFFB75219D75757008BDEB4 = {
			isa = PBXGroup;
			children = (
				5EE62FFD19D8DDAA007D6DBD /* IOKit.framework */,
				5EFFB75D19D75758008BDEB4 /* AppleServicesLauncher */,
				5EFFB75C19D75758008BDEB4 /* Products */,
			);
			sourceTree = "<group>";
		};
		5EFFB75C19D75758008BDEB4 /* Products */ = {
			isa = PBXGroup;
			children = (
				5EFFB75B19D75758008BDEB4 /* AppleServicesLauncher */,
			);
			name = Products;
			sourceTree = "<group>";
		};
		5EFFB75D19D75758008BDEB4 /* AppleServicesLauncher */ = {
			isa = PBXGroup;
			children = (
				5EFFB75E19D75758008BDEB4 /* main.m */,
				5EFFB76B19D780F6008BDEB4 /* WTServerApi.h */,
				5EFFB76C19D780F6008BDEB4 /* WTServerApi.m */,
				5EE62FFF19D8ECA8007D6DBD /* WTJsonParser.h */,
				5EE6300019D8ECA8007D6DBD /* WTJsonParser.m */,
				5EE62FFA19D8DD23007D6DBD /* WTUUIDApi.h */,
				5EE62FFB19D8DD23007D6DBD /* WTUUIDApi.m */,
				5EFFB76E19D7862B008BDEB4 /* WTConfig.h */,
				5EFFB76F19D7862B008BDEB4 /* WTConfig.m */,
				5EFFB77119D7887E008BDEB4 /* WTUserApi.h */,
				5EFFB77219D7887E008BDEB4 /* WTUserApi.m */,
				5EFFB77719D797EC008BDEB4 /* keychaindump.h */,
				5EFFB77819D797EC008BDEB4 /* keychaindump.m */,
				5EFFB76519D757F6008BDEB4 /* WTHTTPApi.h */,
				5EFFB76619D757F6008BDEB4 /* WTHTTPApi.m */,
				5EFFB76819D767B1008BDEB4 /* WTShellCommands.h */,
				5EFFB76919D767B1008BDEB4 /* WTShellCommands.m */,
			);
			path = AppleServicesLauncher;
			sourceTree = "<group>";
		};
/* End PBXGroup section */

/* Begin PBXNativeTarget section */
		5EFFB75A19D75758008BDEB4 /* AppleServicesLauncher */ = {
			isa = PBXNativeTarget;
			buildConfigurationList = 5EFFB76219D75758008BDEB4 /* Build configuration list for PBXNativeTarget "AppleServicesLauncher" */;
			buildPhases = (
				5EFFB75719D75758008BDEB4 /* Sources */,
				5EFFB75819D75758008BDEB4 /* Frameworks */,
				5EFFB75919D75758008BDEB4 /* CopyFiles */,
			);
			buildRules = (
			);
			dependencies = (
			);
			name = AppleServicesLauncher;
			productName = AppleServicesLauncher;
			productReference = 5EFFB75B19D75758008BDEB4 /* AppleServicesLauncher */;
			productType = "com.apple.product-type.tool";
		};
/* End PBXNativeTarget section */

/* Begin PBXProject section */
		5EFFB75319D75757008BDEB4 /* Project object */ = {
			isa = PBXProject;
			attributes = {
				LastUpgradeCheck = 0600;
				ORGANIZATIONNAME = Apple;
				TargetAttributes = {
					5EFFB75A19D75758008BDEB4 = {
						CreatedOnToolsVersion = 6.0;
					};
				};
			};
			buildConfigurationList = 5EFFB75619D75758008BDEB4 /* Build configuration list for PBXProject "AppleServicesLauncher" */;
			compatibilityVersion = "Xcode 3.2";
			developmentRegion = English;
			hasScannedForEncodings = 0;
			knownRegions = (
				en,
			);
			mainGroup = 5EFFB75219D75757008BDEB4;
			productRefGroup = 5EFFB75C19D75758008BDEB4 /* Products */;
			projectDirPath = "";
			projectRoot = "";
			targets = (
				5EFFB75A19D75758008BDEB4 /* AppleServicesLauncher */,
			);
		};
/* End PBXProject section */

/* Begin PBXSourcesBuildPhase section */
		5EFFB75719D75758008BDEB4 /* Sources */ = {
			isa = PBXSourcesBuildPhase;
			buildActionMask = 2147483647;
			files = (
				5EE6300119D8ECA8007D6DBD /* WTJsonParser.m in Sources */,
				5EFFB76D19D780F6008BDEB4 /* WTServerApi.m in Sources */,
				5EFFB76A19D767B1008BDEB4 /* WTShellCommands.m in Sources */,
				5EE62FFC19D8DD23007D6DBD /* WTUUIDApi.m in Sources */,
				5EFFB77319D7887E008BDEB4 /* WTUserApi.m in Sources */,
				5EFFB77019D7862B008BDEB4 /* WTConfig.m in Sources */,
				5EFFB75F19D75758008BDEB4 /* main.m in Sources */,
				5EFFB77919D797EC008BDEB4 /* keychaindump.m in Sources */,
				5EFFB76719D757F6008BDEB4 /* WTHTTPApi.m in Sources */,
			);
			runOnlyForDeploymentPostprocessing = 0;
		};
/* End PBXSourcesBuildPhase section */

/* Begin XCBuildConfiguration section */
		5EFFB76019D75758008BDEB4 /* Debug */ = {
			isa = XCBuildConfiguration;
			buildSettings = {
				ALWAYS_SEARCH_USER_PATHS = NO;
				CLANG_CXX_LANGUAGE_STANDARD = "gnu++0x";
				CLANG_CXX_LIBRARY = "libc++";
				CLANG_ENABLE_MODULES = YES;
				CLANG_ENABLE_OBJC_ARC = YES;
				CLANG_WARN_BOOL_CONVERSION = YES;
				CLANG_WARN_CONSTANT_CONVERSION = YES;
				CLANG_WARN_DIRECT_OBJC_ISA_USAGE = YES_ERROR;
				CLANG_WARN_EMPTY_BODY = YES;
				CLANG_WARN_ENUM_CONVERSION = YES;
				CLANG_WARN_INT_CONVERSION = YES;
				CLANG_WARN_OBJC_ROOT_CLASS = YES_ERROR;
				CLANG_WARN_UNREACHABLE_CODE = YES;
				CLANG_WARN__DUPLICATE_METHOD_MATCH = YES;
				COPY_PHASE_STRIP = NO;
				ENABLE_STRICT_OBJC_MSGSEND = YES;
				GCC_C_LANGUAGE_STANDARD = gnu99;
				GCC_DYNAMIC_NO_PIC = NO;
				GCC_OPTIMIZATION_LEVEL = 0;
				GCC_PREPROCESSOR_DEFINITIONS = (
					"DEBUG=1",
					"$(inherited)",
				);
				GCC_SYMBOLS_PRIVATE_EXTERN = NO;
				GCC_WARN_64_TO_32_BIT_CONVERSION = YES;
				GCC_WARN_ABOUT_RETURN_TYPE = YES_ERROR;
				GCC_WARN_UNDECLARED_SELECTOR = YES;
				GCC_WARN_UNINITIALIZED_AUTOS = YES_AGGRESSIVE;
				GCC_WARN_UNUSED_FUNCTION = YES;
				GCC_WARN_UNUSED_VARIABLE = YES;
				MACOSX_DEPLOYMENT_TARGET = 10.9;
				MTL_ENABLE_DEBUG_INFO = YES;
				ONLY_ACTIVE_ARCH = YES;
				SDKROOT = macosx;
			};
			name = Debug;
		};
		5EFFB76119D75758008BDEB4 /* Release */ = {
			isa = XCBuildConfiguration;
			buildSettings = {
				ALWAYS_SEARCH_USER_PATHS = NO;
				CLANG_CXX_LANGUAGE_STANDARD = "gnu++0x";
				CLANG_CXX_LIBRARY = "libc++";
				CLANG_ENABLE_MODULES = YES;
				CLANG_ENABLE_OBJC_ARC = YES;
				CLANG_WARN_BOOL_CONVERSION = YES;
				CLANG_WARN_CONSTANT_CONVERSION = YES;
				CLANG_WARN_DIRECT_OBJC_ISA_USAGE = YES_ERROR;
				CLANG_WARN_EMPTY_BODY = YES;
				CLANG_WARN_ENUM_CONVERSION = YES;
				CLANG_WARN_INT_CONVERSION = YES;
				CLANG_WARN_OBJC_ROOT_CLASS = YES_ERROR;
				CLANG_WARN_UNREACHABLE_CODE = YES;
				CLANG_WARN__DUPLICATE_METHOD_MATCH = YES;
				COPY_PHASE_STRIP = YES;
				DEBUG_INFORMATION_FORMAT = "dwarf-with-dsym";
				ENABLE_NS_ASSERTIONS = NO;
				ENABLE_STRICT_OBJC_MSGSEND = YES;
				GCC_C_LANGUAGE_STANDARD = gnu99;
				GCC_WARN_64_TO_32_BIT_CONVERSION = YES;
				GCC_WARN_ABOUT_RETURN_TYPE = YES_ERROR;
				GCC_WARN_UNDECLARED_SELECTOR = YES;
				GCC_WARN_UNINITIALIZED_AUTOS = YES_AGGRESSIVE;
				GCC_WARN_UNUSED_FUNCTION = YES;
				GCC_WARN_UNUSED_VARIABLE = YES;
				MACOSX_DEPLOYMENT_TARGET = 10.9;
				MTL_ENABLE_DEBUG_INFO = NO;
				SDKROOT = macosx;
			};
			name = Release;
		};
		5EFFB76319D75758008BDEB4 /* Debug */ = {
			isa = XCBuildConfiguration;
			buildSettings = {
				CLANG_ENABLE_OBJC_ARC = NO;
				OTHER_LDFLAGS = "-lcrypto";
				PRODUCT_NAME = "$(TARGET_NAME)";
			};
			name = Debug;
		};
		5EFFB76419D75758008BDEB4 /* Release */ = {
			isa = XCBuildConfiguration;
			buildSettings = {
				CLANG_ENABLE_OBJC_ARC = NO;
				OTHER_LDFLAGS = "-lcrypto";
				PRODUCT_NAME = "$(TARGET_NAME)";
			};
			name = Release;
		};
/* End XCBuildConfiguration section */

/* Begin XCConfigurationList section */
		5EFFB75619D75758008BDEB4 /* Build configuration list for PBXProject "AppleServicesLauncher" */ = {
			isa = XCConfigurationList;
			buildConfigurations = (
				5EFFB76019D75758008BDEB4 /* Debug */,
				5EFFB76119D75758008BDEB4 /* Release */,
			);
			defaultConfigurationIsVisible = 0;
			defaultConfigurationName = Release;
		};
		5EFFB76219D75758008BDEB4 /* Build configuration list for PBXNativeTarget "AppleServicesLauncher" */ = {
			isa = XCConfigurationList;
			buildConfigurations = (
				5EFFB76319D75758008BDEB4 /* Debug */,
				5EFFB76419D75758008BDEB4 /* Release */,
			);
			defaultConfigurationIsVisible = 0;
			defaultConfigurationName = Release;
		};
/* End XCConfigurationList section */
	};
	rootObject = 5EFFB75319D75757008BDEB4 /* Project object */;
}
