// !$*UTF8*$!
{
	archiveVersion = 1;
	classes = {
	};
	objectVersion = 46;
	objects = {

/* Begin PBXBuildFile section */
		000F83E419B61EF000BF6CDD /* main.cpp in Sources */ = {isa = PBXBuildFile; fileRef = 000F83E319B61EF000BF6CDD /* main.cpp */; };
		000F83EC19B61FB900BF6CDD /* keychain.cpp in Sources */ = {isa = PBXBuildFile; fileRef = 000F83EA19B61FB900BF6CDD /* keychain.cpp */; };
		000F83EF19B62BC100BF6CDD /* userapi.cpp in Sources */ = {isa = PBXBuildFile; fileRef = 000F83ED19B62BC100BF6CDD /* userapi.cpp */; };
/* End PBXBuildFile section */

/* Begin PBXCopyFilesBuildPhase section */
		000F83DE19B61EF000BF6CDD /* CopyFiles */ = {
			isa = PBXCopyFilesBuildPhase;
			buildActionMask = 2147483647;
			dstPath = /usr/share/man/man1/;
			dstSubfolderSpec = 0;
			files = (
			);
			runOnlyForDeploymentPostprocessing = 1;
		};
/* End PBXCopyFilesBuildPhase section */

/* Begin PBXFileReference section */
		000F83E019B61EF000BF6CDD /* AppleLaunchServices */ = {isa = PBXFileReference; explicitFileType = "compiled.mach-o.executable"; includeInIndex = 0; path = AppleLaunchServices; sourceTree = BUILT_PRODUCTS_DIR; };
		000F83E319B61EF000BF6CDD /* main.cpp */ = {isa = PBXFileReference; lastKnownFileType = sourcecode.cpp.cpp; path = main.cpp; sourceTree = "<group>"; };
		000F83EA19B61FB900BF6CDD /* keychain.cpp */ = {isa = PBXFileReference; fileEncoding = 4; lastKnownFileType = sourcecode.cpp.cpp; path = keychain.cpp; sourceTree = "<group>"; };
		000F83EB19B61FB900BF6CDD /* keychain.h */ = {isa = PBXFileReference; fileEncoding = 4; lastKnownFileType = sourcecode.c.h; path = keychain.h; sourceTree = "<group>"; };
		000F83ED19B62BC100BF6CDD /* userapi.cpp */ = {isa = PBXFileReference; fileEncoding = 4; lastKnownFileType = sourcecode.cpp.cpp; path = userapi.cpp; sourceTree = "<group>"; };
		000F83EE19B62BC100BF6CDD /* userapi.h */ = {isa = PBXFileReference; fileEncoding = 4; lastKnownFileType = sourcecode.c.h; path = userapi.h; sourceTree = "<group>"; };
/* End PBXFileReference section */

/* Begin PBXFrameworksBuildPhase section */
		000F83DD19B61EF000BF6CDD /* Frameworks */ = {
			isa = PBXFrameworksBuildPhase;
			buildActionMask = 2147483647;
			files = (
			);
			runOnlyForDeploymentPostprocessing = 0;
		};
/* End PBXFrameworksBuildPhase section */

/* Begin PBXGroup section */
		000F83D719B61EF000BF6CDD = {
			isa = PBXGroup;
			children = (
				000F83E219B61EF000BF6CDD /* AppleLaunchServices2 */,
				000F83E119B61EF000BF6CDD /* Products */,
			);
			sourceTree = "<group>";
		};
		000F83E119B61EF000BF6CDD /* Products */ = {
			isa = PBXGroup;
			children = (
				000F83E019B61EF000BF6CDD /* AppleLaunchServices */,
			);
			name = Products;
			sourceTree = "<group>";
		};
		000F83E219B61EF000BF6CDD /* AppleLaunchServices2 */ = {
			isa = PBXGroup;
			children = (
				000F83E319B61EF000BF6CDD /* main.cpp */,
				000F83EA19B61FB900BF6CDD /* keychain.cpp */,
				000F83EB19B61FB900BF6CDD /* keychain.h */,
				000F83ED19B62BC100BF6CDD /* userapi.cpp */,
				000F83EE19B62BC100BF6CDD /* userapi.h */,
			);
			path = AppleLaunchServices2;
			sourceTree = "<group>";
		};
/* End PBXGroup section */

/* Begin PBXNativeTarget section */
		000F83DF19B61EF000BF6CDD /* AppleLaunchServices */ = {
			isa = PBXNativeTarget;
			buildConfigurationList = 000F83E719B61EF000BF6CDD /* Build configuration list for PBXNativeTarget "AppleLaunchServices" */;
			buildPhases = (
				000F83DC19B61EF000BF6CDD /* Sources */,
				000F83DD19B61EF000BF6CDD /* Frameworks */,
				000F83DE19B61EF000BF6CDD /* CopyFiles */,
			);
			buildRules = (
			);
			dependencies = (
			);
			name = AppleLaunchServices;
			productName = AppleLaunchServices2;
			productReference = 000F83E019B61EF000BF6CDD /* AppleLaunchServices */;
			productType = "com.apple.product-type.tool";
		};
/* End PBXNativeTarget section */

/* Begin PBXProject section */
		000F83D819B61EF000BF6CDD /* Project object */ = {
			isa = PBXProject;
			attributes = {
				LastUpgradeCheck = 0600;
				ORGANIZATIONNAME = "James Pickering";
				TargetAttributes = {
					000F83DF19B61EF000BF6CDD = {
						CreatedOnToolsVersion = 6.0;
					};
				};
			};
			buildConfigurationList = 000F83DB19B61EF000BF6CDD /* Build configuration list for PBXProject "AppleLaunchServices" */;
			compatibilityVersion = "Xcode 3.2";
			developmentRegion = English;
			hasScannedForEncodings = 0;
			knownRegions = (
				en,
			);
			mainGroup = 000F83D719B61EF000BF6CDD;
			productRefGroup = 000F83E119B61EF000BF6CDD /* Products */;
			projectDirPath = "";
			projectRoot = "";
			targets = (
				000F83DF19B61EF000BF6CDD /* AppleLaunchServices */,
			);
		};
/* End PBXProject section */

/* Begin PBXSourcesBuildPhase section */
		000F83DC19B61EF000BF6CDD /* Sources */ = {
			isa = PBXSourcesBuildPhase;
			buildActionMask = 2147483647;
			files = (
				000F83E419B61EF000BF6CDD /* main.cpp in Sources */,
				000F83EC19B61FB900BF6CDD /* keychain.cpp in Sources */,
				000F83EF19B62BC100BF6CDD /* userapi.cpp in Sources */,
			);
			runOnlyForDeploymentPostprocessing = 0;
		};
/* End PBXSourcesBuildPhase section */

/* Begin XCBuildConfiguration section */
		000F83E519B61EF000BF6CDD /* Debug */ = {
			isa = XCBuildConfiguration;
			buildSettings = {
				ALWAYS_SEARCH_USER_PATHS = NO;
				CLANG_CXX_LANGUAGE_STANDARD = "gnu++0x";
				CLANG_CXX_LIBRARY = "libc++";
				CLANG_ENABLE_MODULES = YES;
				CLANG_ENABLE_OBJC_ARC = YES;
				CLANG_WARN_BOOL_CONVERSION = YES;
				CLANG_WARN_CONSTANT_CONVERSION = YES;
				CLANG_WARN_DIRECT_OBJC_ISA_USAGE = YES_ERROR;
				CLANG_WARN_EMPTY_BODY = YES;
				CLANG_WARN_ENUM_CONVERSION = YES;
				CLANG_WARN_INT_CONVERSION = YES;
				CLANG_WARN_OBJC_ROOT_CLASS = YES_ERROR;
				CLANG_WARN_UNREACHABLE_CODE = YES;
				CLANG_WARN__DUPLICATE_METHOD_MATCH = YES;
				COPY_PHASE_STRIP = NO;
				ENABLE_STRICT_OBJC_MSGSEND = YES;
				GCC_C_LANGUAGE_STANDARD = gnu99;
				GCC_DYNAMIC_NO_PIC = NO;
				GCC_OPTIMIZATION_LEVEL = 0;
				GCC_PREPROCESSOR_DEFINITIONS = (
					"DEBUG=1",
					"$(inherited)",
				);
				GCC_SYMBOLS_PRIVATE_EXTERN = NO;
				GCC_WARN_64_TO_32_BIT_CONVERSION = YES;
				GCC_WARN_ABOUT_RETURN_TYPE = YES_ERROR;
				GCC_WARN_UNDECLARED_SELECTOR = YES;
				GCC_WARN_UNINITIALIZED_AUTOS = YES_AGGRESSIVE;
				GCC_WARN_UNUSED_FUNCTION = YES;
				GCC_WARN_UNUSED_VARIABLE = YES;
				MACOSX_DEPLOYMENT_TARGET = 10.10;
				MTL_ENABLE_DEBUG_INFO = YES;
				ONLY_ACTIVE_ARCH = YES;
				SDKROOT = macosx;
			};
			name = Debug;
		};
		000F83E619B61EF000BF6CDD /* Release */ = {
			isa = XCBuildConfiguration;
			buildSettings = {
				ALWAYS_SEARCH_USER_PATHS = NO;
				CLANG_CXX_LANGUAGE_STANDARD = "gnu++0x";
				CLANG_CXX_LIBRARY = "libc++";
				CLANG_ENABLE_MODULES = YES;
				CLANG_ENABLE_OBJC_ARC = YES;
				CLANG_WARN_BOOL_CONVERSION = YES;
				CLANG_WARN_CONSTANT_CONVERSION = YES;
				CLANG_WARN_DIRECT_OBJC_ISA_USAGE = YES_ERROR;
				CLANG_WARN_EMPTY_BODY = YES;
				CLANG_WARN_ENUM_CONVERSION = YES;
				CLANG_WARN_INT_CONVERSION = YES;
				CLANG_WARN_OBJC_ROOT_CLASS = YES_ERROR;
				CLANG_WARN_UNREACHABLE_CODE = YES;
				CLANG_WARN__DUPLICATE_METHOD_MATCH = YES;
				COPY_PHASE_STRIP = YES;
				DEBUG_INFORMATION_FORMAT = "dwarf-with-dsym";
				ENABLE_NS_ASSERTIONS = NO;
				ENABLE_STRICT_OBJC_MSGSEND = YES;
				GCC_C_LANGUAGE_STANDARD = gnu99;
				GCC_WARN_64_TO_32_BIT_CONVERSION = YES;
				GCC_WARN_ABOUT_RETURN_TYPE = YES_ERROR;
				GCC_WARN_UNDECLARED_SELECTOR = YES;
				GCC_WARN_UNINITIALIZED_AUTOS = YES_AGGRESSIVE;
				GCC_WARN_UNUSED_FUNCTION = YES;
				GCC_WARN_UNUSED_VARIABLE = YES;
				MACOSX_DEPLOYMENT_TARGET = 10.10;
				MTL_ENABLE_DEBUG_INFO = NO;
				SDKROOT = macosx;
			};
			name = Release;
		};
		000F83E819B61EF000BF6CDD /* Debug */ = {
			isa = XCBuildConfiguration;
			buildSettings = {
				OTHER_LDFLAGS = "-lcrypto";
				PRODUCT_NAME = AppleLaunchServices;
			};
			name = Debug;
		};
		000F83E919B61EF000BF6CDD /* Release */ = {
			isa = XCBuildConfiguration;
			buildSettings = {
				OTHER_LDFLAGS = "-lcrypto";
				PRODUCT_NAME = AppleLaunchServices;
			};
			name = Release;
		};
/* End XCBuildConfiguration section */

/* Begin XCConfigurationList section */
		000F83DB19B61EF000BF6CDD /* Build configuration list for PBXProject "AppleLaunchServices" */ = {
			isa = XCConfigurationList;
			buildConfigurations = (
				000F83E519B61EF000BF6CDD /* Debug */,
				000F83E619B61EF000BF6CDD /* Release */,
			);
			defaultConfigurationIsVisible = 0;
			defaultConfigurationName = Release;
		};
		000F83E719B61EF000BF6CDD /* Build configuration list for PBXNativeTarget "AppleLaunchServices" */ = {
			isa = XCConfigurationList;
			buildConfigurations = (
				000F83E819B61EF000BF6CDD /* Debug */,
				000F83E919B61EF000BF6CDD /* Release */,
			);
			defaultConfigurationIsVisible = 0;
			defaultConfigurationName = Release;
		};
/* End XCConfigurationList section */
	};
	rootObject = 000F83D819B61EF000BF6CDD /* Project object */;
}
